# THIS IS AN AUTOGENERATED FILE. DO NOT EDIT THIS FILE DIRECTLY.
# yarn lockfile v1


prettier@^2.1.2:
  version "2.1.2"
  resolved "https://registry.yarnpkg.com/prettier/-/prettier-2.1.2.tgz#3050700dae2e4c8b67c4c3f666cdb8af405e1ce5"
  integrity sha512-16c7K+x4qVlJg9rEbXl7HEGmQyZlG4R9AgP+oHKRMsMsuk8s+ATStlf1NpDqyBI1HpVyfjLOeMhH2LvuNvV5Vg==

typescript@beta:
  version "4.1.0-beta"
  resolved "https://registry.yarnpkg.com/typescript/-/typescript-4.1.0-beta.tgz#e4d054035d253b7a37bdc077dd71706508573e69"
  integrity sha512-b/LAttdVl3G6FEmnMkDsK0xvfvaftXpSKrjXn+OVCRqrwz5WD/6QJOiN+dTorqDY+hkaH+r2gP5wI1jBDmdQ7A==
